{
  "name": "httpex3",
  "version": "1.0.0",
  "lockfileVersion": 2,
  "requires": true,
  "packages": {
    "": {
      "name": "httpex3",
      "version": "1.0.0",
      "license": "ISC",
      "dependencies": {
        "nodmeon": "^0.0.1-security"
      }
    },
    "node_modules/nodmeon": {
      "version": "0.0.1-security",
      "resolved": "https://registry.npmjs.org/nodmeon/-/nodmeon-0.0.1-security.tgz",
      "integrity": "sha512-2YsGSYJfdtsSExUGJc4SReBH77CPWMlGokDtWNxmia0PObpMGGjKe/rInMMFuGn2Zs1PKEzKVoIcBUQj+4JFKQ=="
    }
  },
  "dependencies": {
    "nodmeon": {
      "version": "0.0.1-security",
      "resolved": "https://registry.npmjs.org/nodmeon/-/nodmeon-0.0.1-security.tgz",
      "integrity": "sha512-2YsGSYJfdtsSExUGJc4SReBH77CPWMlGokDtWNxmia0PObpMGGjKe/rInMMFuGn2Zs1PKEzKVoIcBUQj+4JFKQ=="
    }
  }
}
